// !$*UTF8*$!
{
	archiveVersion = 1;
	classes = {
	};
	objectVersion = 46;
	objects = {

/* Begin PBXBuildFile section */
		EC0FD9691DAC7DC4001FE3B2 /* main.m in Sources */ = {isa = PBXBuildFile; fileRef = EC0FD9681DAC7DC4001FE3B2 /* main.m */; };
		EC0FD96C1DAC7DC4001FE3B2 /* AppDelegate.m in Sources */ = {isa = PBXBuildFile; fileRef = EC0FD96B1DAC7DC4001FE3B2 /* AppDelegate.m */; };
		EC0FD96F1DAC7DC4001FE3B2 /* ViewController.m in Sources */ = {isa = PBXBuildFile; fileRef = EC0FD96E1DAC7DC4001FE3B2 /* ViewController.m */; };
		EC0FD9721DAC7DC4001FE3B2 /* Main.storyboard in Resources */ = {isa = PBXBuildFile; fileRef = EC0FD9701DAC7DC4001FE3B2 /* Main.storyboard */; };
		EC0FD9741DAC7DC4001FE3B2 /* Assets.xcassets in Resources */ = {isa = PBXBuildFile; fileRef = EC0FD9731DAC7DC4001FE3B2 /* Assets.xcassets */; };
		EC0FD9771DAC7DC4001FE3B2 /* LaunchScreen.storyboard in Resources */ = {isa = PBXBuildFile; fileRef = EC0FD9751DAC7DC4001FE3B2 /* LaunchScreen.storyboard */; };
		EC0FD99B1DAC7DD7001FE3B2 /* download.jpeg in Resources */ = {isa = PBXBuildFile; fileRef = EC0FD99A1DAC7DD7001FE3B2 /* download.jpeg */; };
		EC18C6C81DAF6B22000920E3 /* libPrinter_153.a in Frameworks */ = {isa = PBXBuildFile; fileRef = EC18C6C61DAF6B22000920E3 /* libPrinter_153.a */; };
		EC18C6CB1DAF6B50000920E3 /* ExternalAccessory.framework in Frameworks */ = {isa = PBXBuildFile; fileRef = EC18C6CA1DAF6B50000920E3 /* ExternalAccessory.framework */; };
		EC18C6CD1DAF6B6D000920E3 /* Foundation.framework in Frameworks */ = {isa = PBXBuildFile; fileRef = EC18C6CC1DAF6B6D000920E3 /* Foundation.framework */; };
		EC18C6CF1DAF6B73000920E3 /* UIKit.framework in Frameworks */ = {isa = PBXBuildFile; fileRef = EC18C6CE1DAF6B73000920E3 /* UIKit.framework */; };
		EC18C6D11DAF6B7B000920E3 /* CoreGraphics.framework in Frameworks */ = {isa = PBXBuildFile; fileRef = EC18C6D01DAF6B7B000920E3 /* CoreGraphics.framework */; };
		EC18C6D31DAF71C5000920E3 /* sample_6.jpg in Resources */ = {isa = PBXBuildFile; fileRef = EC18C6D21DAF71C5000920E3 /* sample_6.jpg */; };
/* End PBXBuildFile section */

/* Begin PBXFileReference section */
		EC0FD9641DAC7DC4001FE3B2 /* PrintDemo.app */ = {isa = PBXFileReference; explicitFileType = wrapper.application; includeInIndex = 0; path = PrintDemo.app; sourceTree = BUILT_PRODUCTS_DIR; };
		EC0FD9681DAC7DC4001FE3B2 /* main.m */ = {isa = PBXFileReference; lastKnownFileType = sourcecode.c.objc; path = main.m; sourceTree = "<group>"; };
		EC0FD96A1DAC7DC4001FE3B2 /* AppDelegate.h */ = {isa = PBXFileReference; lastKnownFileType = sourcecode.c.h; path = AppDelegate.h; sourceTree = "<group>"; };
		EC0FD96B1DAC7DC4001FE3B2 /* AppDelegate.m */ = {isa = PBXFileReference; lastKnownFileType = sourcecode.c.objc; path = AppDelegate.m; sourceTree = "<group>"; };
		EC0FD96D1DAC7DC4001FE3B2 /* ViewController.h */ = {isa = PBXFileReference; lastKnownFileType = sourcecode.c.h; path = ViewController.h; sourceTree = "<group>"; };
		EC0FD96E1DAC7DC4001FE3B2 /* ViewController.m */ = {isa = PBXFileReference; lastKnownFileType = sourcecode.c.objc; path = ViewController.m; sourceTree = "<group>"; };
		EC0FD9711DAC7DC4001FE3B2 /* Base */ = {isa = PBXFileReference; lastKnownFileType = file.storyboard; name = Base; path = Base.lproj/Main.storyboard; sourceTree = "<group>"; };
		EC0FD9731DAC7DC4001FE3B2 /* Assets.xcassets */ = {isa = PBXFileReference; lastKnownFileType = folder.assetcatalog; path = Assets.xcassets; sourceTree = "<group>"; };
		EC0FD9761DAC7DC4001FE3B2 /* Base */ = {isa = PBXFileReference; lastKnownFileType = file.storyboard; name = Base; path = Base.lproj/LaunchScreen.storyboard; sourceTree = "<group>"; };
		EC0FD9781DAC7DC4001FE3B2 /* Info.plist */ = {isa = PBXFileReference; lastKnownFileType = text.plist.xml; path = Info.plist; sourceTree = "<group>"; };
		EC0FD9811DAC7DC4001FE3B2 /* PrintDemoTests.m */ = {isa = PBXFileReference; lastKnownFileType = sourcecode.c.objc; path = PrintDemoTests.m; sourceTree = "<group>"; };
		EC0FD9831DAC7DC4001FE3B2 /* Info.plist */ = {isa = PBXFileReference; lastKnownFileType = text.plist.xml; path = Info.plist; sourceTree = "<group>"; };
		EC0FD98C1DAC7DC4001FE3B2 /* PrintDemoUITests.m */ = {isa = PBXFileReference; lastKnownFileType = sourcecode.c.objc; path = PrintDemoUITests.m; sourceTree = "<group>"; };
		EC0FD98E1DAC7DC4001FE3B2 /* Info.plist */ = {isa = PBXFileReference; lastKnownFileType = text.plist.xml; path = Info.plist; sourceTree = "<group>"; };
		EC0FD99A1DAC7DD7001FE3B2 /* download.jpeg */ = {isa = PBXFileReference; lastKnownFileType = image.jpeg; path = download.jpeg; sourceTree = "<group>"; };
		EC18C6C21DAF6B22000920E3 /* CallbackData.h */ = {isa = PBXFileReference; fileEncoding = 4; lastKnownFileType = sourcecode.c.h; path = CallbackData.h; sourceTree = "<group>"; };
		EC18C6C31DAF6B22000920E3 /* CPCLPrinter.h */ = {isa = PBXFileReference; fileEncoding = 4; lastKnownFileType = sourcecode.c.h; path = CPCLPrinter.h; sourceTree = "<group>"; };
		EC18C6C41DAF6B22000920E3 /* EABluetoothPort.h */ = {isa = PBXFileReference; fileEncoding = 4; lastKnownFileType = sourcecode.c.h; path = EABluetoothPort.h; sourceTree = "<group>"; };
		EC18C6C51DAF6B22000920E3 /* ESCPOSPrinter.h */ = {isa = PBXFileReference; fileEncoding = 4; lastKnownFileType = sourcecode.c.h; path = ESCPOSPrinter.h; sourceTree = "<group>"; };
		EC18C6C61DAF6B22000920E3 /* libPrinter_153.a */ = {isa = PBXFileReference; lastKnownFileType = archive.ar; path = libPrinter_153.a; sourceTree = "<group>"; };
		EC18C6C71DAF6B22000920E3 /* POSPrinterFinder.h */ = {isa = PBXFileReference; fileEncoding = 4; lastKnownFileType = sourcecode.c.h; path = POSPrinterFinder.h; sourceTree = "<group>"; };
		EC18C6CA1DAF6B50000920E3 /* ExternalAccessory.framework */ = {isa = PBXFileReference; lastKnownFileType = wrapper.framework; name = ExternalAccessory.framework; path = System/Library/Frameworks/ExternalAccessory.framework; sourceTree = SDKROOT; };
		EC18C6CC1DAF6B6D000920E3 /* Foundation.framework */ = {isa = PBXFileReference; lastKnownFileType = wrapper.framework; name = Foundation.framework; path = System/Library/Frameworks/Foundation.framework; sourceTree = SDKROOT; };
		EC18C6CE1DAF6B73000920E3 /* UIKit.framework */ = {isa = PBXFileReference; lastKnownFileType = wrapper.framework; name = UIKit.framework; path = System/Library/Frameworks/UIKit.framework; sourceTree = SDKROOT; };
		EC18C6D01DAF6B7B000920E3 /* CoreGraphics.framework */ = {isa = PBXFileReference; lastKnownFileType = wrapper.framework; name = CoreGraphics.framework; path = System/Library/Frameworks/CoreGraphics.framework; sourceTree = SDKROOT; };
		EC18C6D21DAF71C5000920E3 /* sample_6.jpg */ = {isa = PBXFileReference; lastKnownFileType = image.jpeg; path = sample_6.jpg; sourceTree = "<group>"; };
/* End PBXFileReference section */

/* Begin PBXFrameworksBuildPhase section */
		EC0FD9611DAC7DC4001FE3B2 /* Frameworks */ = {
			isa = PBXFrameworksBuildPhase;
			buildActionMask = 2147483647;
			files = (
				EC18C6D11DAF6B7B000920E3 /* CoreGraphics.framework in Frameworks */,
				EC18C6CF1DAF6B73000920E3 /* UIKit.framework in Frameworks */,
				EC18C6CD1DAF6B6D000920E3 /* Foundation.framework in Frameworks */,
				EC18C6CB1DAF6B50000920E3 /* ExternalAccessory.framework in Frameworks */,
				EC18C6C81DAF6B22000920E3 /* libPrinter_153.a in Frameworks */,
			);
			runOnlyForDeploymentPostprocessing = 0;
		};
/* End PBXFrameworksBuildPhase section */

/* Begin PBXGroup section */
		EC0FD95B1DAC7DC4001FE3B2 = {
			isa = PBXGroup;
			children = (
				EC0FD9661DAC7DC4001FE3B2 /* PrintDemo */,
				EC0FD9801DAC7DC4001FE3B2 /* PrintDemoTests */,
				EC0FD98B1DAC7DC4001FE3B2 /* PrintDemoUITests */,
				EC0FD9651DAC7DC4001FE3B2 /* Products */,
				EC18C6C91DAF6B50000920E3 /* Frameworks */,
			);
			sourceTree = "<group>";
		};
		EC0FD9651DAC7DC4001FE3B2 /* Products */ = {
			isa = PBXGroup;
			children = (
				EC0FD9641DAC7DC4001FE3B2 /* PrintDemo.app */,
			);
			name = Products;
			sourceTree = "<group>";
		};
		EC0FD9661DAC7DC4001FE3B2 /* PrintDemo */ = {
			isa = PBXGroup;
			children = (
				EC18C6C01DAF6B22000920E3 /* Libs */,
				EC0FD99A1DAC7DD7001FE3B2 /* download.jpeg */,
				EC18C6D21DAF71C5000920E3 /* sample_6.jpg */,
				EC0FD96A1DAC7DC4001FE3B2 /* AppDelegate.h */,
				EC0FD96B1DAC7DC4001FE3B2 /* AppDelegate.m */,
				EC0FD96D1DAC7DC4001FE3B2 /* ViewController.h */,
				EC0FD96E1DAC7DC4001FE3B2 /* ViewController.m */,
				EC0FD9701DAC7DC4001FE3B2 /* Main.storyboard */,
				EC0FD9731DAC7DC4001FE3B2 /* Assets.xcassets */,
				EC0FD9751DAC7DC4001FE3B2 /* LaunchScreen.storyboard */,
				EC0FD9781DAC7DC4001FE3B2 /* Info.plist */,
				EC0FD9671DAC7DC4001FE3B2 /* Supporting Files */,
			);
			path = PrintDemo;
			sourceTree = "<group>";
		};
		EC0FD9671DAC7DC4001FE3B2 /* Supporting Files */ = {
			isa = PBXGroup;
			children = (
				EC0FD9681DAC7DC4001FE3B2 /* main.m */,
			);
			name = "Supporting Files";
			sourceTree = "<group>";
		};
		EC0FD9801DAC7DC4001FE3B2 /* PrintDemoTests */ = {
			isa = PBXGroup;
			children = (
				EC0FD9811DAC7DC4001FE3B2 /* PrintDemoTests.m */,
				EC0FD9831DAC7DC4001FE3B2 /* Info.plist */,
			);
			path = PrintDemoTests;
			sourceTree = "<group>";
		};
		EC0FD98B1DAC7DC4001FE3B2 /* PrintDemoUITests */ = {
			isa = PBXGroup;
			children = (
				EC0FD98C1DAC7DC4001FE3B2 /* PrintDemoUITests.m */,
				EC0FD98E1DAC7DC4001FE3B2 /* Info.plist */,
			);
			path = PrintDemoUITests;
			sourceTree = "<group>";
		};
		EC18C6C01DAF6B22000920E3 /* Libs */ = {
			isa = PBXGroup;
			children = (
				EC18C6C11DAF6B22000920E3 /* Printer */,
			);
			path = Libs;
			sourceTree = "<group>";
		};
		EC18C6C11DAF6B22000920E3 /* Printer */ = {
			isa = PBXGroup;
			children = (
				EC18C6C21DAF6B22000920E3 /* CallbackData.h */,
				EC18C6C31DAF6B22000920E3 /* CPCLPrinter.h */,
				EC18C6C41DAF6B22000920E3 /* EABluetoothPort.h */,
				EC18C6C51DAF6B22000920E3 /* ESCPOSPrinter.h */,
				EC18C6C61DAF6B22000920E3 /* libPrinter_153.a */,
				EC18C6C71DAF6B22000920E3 /* POSPrinterFinder.h */,
			);
			path = Printer;
			sourceTree = "<group>";
		};
		EC18C6C91DAF6B50000920E3 /* Frameworks */ = {
			isa = PBXGroup;
			children = (
				EC18C6D01DAF6B7B000920E3 /* CoreGraphics.framework */,
				EC18C6CE1DAF6B73000920E3 /* UIKit.framework */,
				EC18C6CC1DAF6B6D000920E3 /* Foundation.framework */,
				EC18C6CA1DAF6B50000920E3 /* ExternalAccessory.framework */,
			);
			name = Frameworks;
			sourceTree = "<group>";
		};
/* End PBXGroup section */

/* Begin PBXNativeTarget section */
		EC0FD9631DAC7DC4001FE3B2 /* PrintDemo */ = {
			isa = PBXNativeTarget;
			buildConfigurationList = EC0FD9911DAC7DC4001FE3B2 /* Build configuration list for PBXNativeTarget "PrintDemo" */;
			buildPhases = (
				EC0FD9601DAC7DC4001FE3B2 /* Sources */,
				EC0FD9611DAC7DC4001FE3B2 /* Frameworks */,
				EC0FD9621DAC7DC4001FE3B2 /* Resources */,
			);
			buildRules = (
			);
			dependencies = (
			);
			name = PrintDemo;
			productName = PrintDemo;
			productReference = EC0FD9641DAC7DC4001FE3B2 /* PrintDemo.app */;
			productType = "com.apple.product-type.application";
		};
/* End PBXNativeTarget section */

/* Begin PBXProject section */
		EC0FD95C1DAC7DC4001FE3B2 /* Project object */ = {
			isa = PBXProject;
			attributes = {
				LastUpgradeCheck = 0800;
				ORGANIZATIONNAME = cauca;
				TargetAttributes = {
					EC0FD9631DAC7DC4001FE3B2 = {
						CreatedOnToolsVersion = 8.0;
						DevelopmentTeam = MQAGCVCE9F;
						ProvisioningStyle = Automatic;
					};
				};
			};
			buildConfigurationList = EC0FD95F1DAC7DC4001FE3B2 /* Build configuration list for PBXProject "PrintDemo" */;
			compatibilityVersion = "Xcode 3.2";
			developmentRegion = English;
			hasScannedForEncodings = 0;
			knownRegions = (
				en,
				Base,
			);
			mainGroup = EC0FD95B1DAC7DC4001FE3B2;
			productRefGroup = EC0FD9651DAC7DC4001FE3B2 /* Products */;
			projectDirPath = "";
			projectRoot = "";
			targets = (
				EC0FD9631DAC7DC4001FE3B2 /* PrintDemo */,
			);
		};
/* End PBXProject section */

/* Begin PBXResourcesBuildPhase section */
		EC0FD9621DAC7DC4001FE3B2 /* Resources */ = {
			isa = PBXResourcesBuildPhase;
			buildActionMask = 2147483647;
			files = (
				EC0FD9771DAC7DC4001FE3B2 /* LaunchScreen.storyboard in Resources */,
				EC0FD99B1DAC7DD7001FE3B2 /* download.jpeg in Resources */,
				EC0FD9741DAC7DC4001FE3B2 /* Assets.xcassets in Resources */,
				EC0FD9721DAC7DC4001FE3B2 /* Main.storyboard in Resources */,
				EC18C6D31DAF71C5000920E3 /* sample_6.jpg in Resources */,
			);
			runOnlyForDeploymentPostprocessing = 0;
		};
/* End PBXResourcesBuildPhase section */

/* Begin PBXSourcesBuildPhase section */
		EC0FD9601DAC7DC4001FE3B2 /* Sources */ = {
			isa = PBXSourcesBuildPhase;
			buildActionMask = 2147483647;
			files = (
				EC0FD96F1DAC7DC4001FE3B2 /* ViewController.m in Sources */,
				EC0FD96C1DAC7DC4001FE3B2 /* AppDelegate.m in Sources */,
				EC0FD9691DAC7DC4001FE3B2 /* main.m in Sources */,
			);
			runOnlyForDeploymentPostprocessing = 0;
		};
/* End PBXSourcesBuildPhase section */

/* Begin PBXVariantGroup section */
		EC0FD9701DAC7DC4001FE3B2 /* Main.storyboard */ = {
			isa = PBXVariantGroup;
			children = (
				EC0FD9711DAC7DC4001FE3B2 /* Base */,
			);
			name = Main.storyboard;
			sourceTree = "<group>";
		};
		EC0FD9751DAC7DC4001FE3B2 /* LaunchScreen.storyboard */ = {
			isa = PBXVariantGroup;
			children = (
				EC0FD9761DAC7DC4001FE3B2 /* Base */,
			);
			name = LaunchScreen.storyboard;
			sourceTree = "<group>";
		};
/* End PBXVariantGroup section */

/* Begin XCBuildConfiguration section */
		EC0FD98F1DAC7DC4001FE3B2 /* Debug */ = {
			isa = XCBuildConfiguration;
			buildSettings = {
				ALWAYS_SEARCH_USER_PATHS = NO;
				CLANG_ANALYZER_NONNULL = YES;
				CLANG_CXX_LANGUAGE_STANDARD = "gnu++0x";
				CLANG_CXX_LIBRARY = "libc++";
				CLANG_ENABLE_MODULES = YES;
				CLANG_ENABLE_OBJC_ARC = YES;
				CLANG_WARN_BOOL_CONVERSION = YES;
				CLANG_WARN_CONSTANT_CONVERSION = YES;
				CLANG_WARN_DIRECT_OBJC_ISA_USAGE = YES_ERROR;
				CLANG_WARN_DOCUMENTATION_COMMENTS = YES;
				CLANG_WARN_EMPTY_BODY = YES;
				CLANG_WARN_ENUM_CONVERSION = YES;
				CLANG_WARN_INFINITE_RECURSION = YES;
				CLANG_WARN_INT_CONVERSION = YES;
				CLANG_WARN_OBJC_ROOT_CLASS = YES_ERROR;
				CLANG_WARN_SUSPICIOUS_MOVES = YES;
				CLANG_WARN_UNREACHABLE_CODE = YES;
				CLANG_WARN__DUPLICATE_METHOD_MATCH = YES;
				"CODE_SIGN_IDENTITY[sdk=iphoneos*]" = "iPhone Developer";
				COPY_PHASE_STRIP = NO;
				DEBUG_INFORMATION_FORMAT = dwarf;
				ENABLE_STRICT_OBJC_MSGSEND = YES;
				ENABLE_TESTABILITY = YES;
				GCC_C_LANGUAGE_STANDARD = gnu99;
				GCC_DYNAMIC_NO_PIC = NO;
				GCC_NO_COMMON_BLOCKS = YES;
				GCC_OPTIMIZATION_LEVEL = 0;
				GCC_PREPROCESSOR_DEFINITIONS = (
					"DEBUG=1",
					"$(inherited)",
				);
				GCC_WARN_64_TO_32_BIT_CONVERSION = YES;
				GCC_WARN_ABOUT_RETURN_TYPE = YES_ERROR;
				GCC_WARN_UNDECLARED_SELECTOR = YES;
				GCC_WARN_UNINITIALIZED_AUTOS = YES_AGGRESSIVE;
				GCC_WARN_UNUSED_FUNCTION = YES;
				GCC_WARN_UNUSED_VARIABLE = YES;
				IPHONEOS_DEPLOYMENT_TARGET = 10.0;
				MTL_ENABLE_DEBUG_INFO = YES;
				ONLY_ACTIVE_ARCH = YES;
				SDKROOT = iphoneos;
			};
			name = Debug;
		};
		EC0FD9901DAC7DC4001FE3B2 /* Release */ = {
			isa = XCBuildConfiguration;
			buildSettings = {
				ALWAYS_SEARCH_USER_PATHS = NO;
				CLANG_ANALYZER_NONNULL = YES;
				CLANG_CXX_LANGUAGE_STANDARD = "gnu++0x";
				CLANG_CXX_LIBRARY = "libc++";
				CLANG_ENABLE_MODULES = YES;
				CLANG_ENABLE_OBJC_ARC = YES;
				CLANG_WARN_BOOL_CONVERSION = YES;
				CLANG_WARN_CONSTANT_CONVERSION = YES;
				CLANG_WARN_DIRECT_OBJC_ISA_USAGE = YES_ERROR;
				CLANG_WARN_DOCUMENTATION_COMMENTS = YES;
				CLANG_WARN_EMPTY_BODY = YES;
				CLANG_WARN_ENUM_CONVERSION = YES;
				CLANG_WARN_INFINITE_RECURSION = YES;
				CLANG_WARN_INT_CONVERSION = YES;
				CLANG_WARN_OBJC_ROOT_CLASS = YES_ERROR;
				CLANG_WARN_SUSPICIOUS_MOVES = YES;
				CLANG_WARN_UNREACHABLE_CODE = YES;
				CLANG_WARN__DUPLICATE_METHOD_MATCH = YES;
				"CODE_SIGN_IDENTITY[sdk=iphoneos*]" = "iPhone Developer";
				COPY_PHASE_STRIP = NO;
				DEBUG_INFORMATION_FORMAT = "dwarf-with-dsym";
				ENABLE_NS_ASSERTIONS = NO;
				ENABLE_STRICT_OBJC_MSGSEND = YES;
				GCC_C_LANGUAGE_STANDARD = gnu99;
				GCC_NO_COMMON_BLOCKS = YES;
				GCC_WARN_64_TO_32_BIT_CONVERSION = YES;
				GCC_WARN_ABOUT_RETURN_TYPE = YES_ERROR;
				GCC_WARN_UNDECLARED_SELECTOR = YES;
				GCC_WARN_UNINITIALIZED_AUTOS = YES_AGGRESSIVE;
				GCC_WARN_UNUSED_FUNCTION = YES;
				GCC_WARN_UNUSED_VARIABLE = YES;
				IPHONEOS_DEPLOYMENT_TARGET = 10.0;
				MTL_ENABLE_DEBUG_INFO = NO;
				SDKROOT = iphoneos;
				VALIDATE_PRODUCT = YES;
			};
			name = Release;
		};
		EC0FD9921DAC7DC4001FE3B2 /* Debug */ = {
			isa = XCBuildConfiguration;
			buildSettings = {
				ARCHS = "$(ARCHS_STANDARD_32_BIT)";
				ASSETCATALOG_COMPILER_APPICON_NAME = AppIcon;
				DEVELOPMENT_TEAM = MQAGCVCE9F;
				ENABLE_BITCODE = NO;
				INFOPLIST_FILE = PrintDemo/Info.plist;
				LIBRARY_SEARCH_PATHS = (
					"$(inherited)",
					"$(PROJECT_DIR)/PrintDemo/Libs/Printer",
				);
				PRODUCT_BUNDLE_IDENTIFIER = net.citigo.KVManager;
				PRODUCT_NAME = "$(TARGET_NAME)";
			};
			name = Debug;
		};
		EC0FD9931DAC7DC4001FE3B2 /* Release */ = {
			isa = XCBuildConfiguration;
			buildSettings = {
				ARCHS = "$(ARCHS_STANDARD_32_BIT)";
				ASSETCATALOG_COMPILER_APPICON_NAME = AppIcon;
				DEVELOPMENT_TEAM = MQAGCVCE9F;
				ENABLE_BITCODE = NO;
				INFOPLIST_FILE = PrintDemo/Info.plist;
				LIBRARY_SEARCH_PATHS = (
					"$(inherited)",
					"$(PROJECT_DIR)/PrintDemo/Libs/Printer",
				);
				PRODUCT_BUNDLE_IDENTIFIER = net.citigo.KVManager;
				PRODUCT_NAME = "$(TARGET_NAME)";
			};
			name = Release;
		};
/* End XCBuildConfiguration section */

/* Begin XCConfigurationList section */
		EC0FD95F1DAC7DC4001FE3B2 /* Build configuration list for PBXProject "PrintDemo" */ = {
			isa = XCConfigurationList;
			buildConfigurations = (
				EC0FD98F1DAC7DC4001FE3B2 /* Debug */,
				EC0FD9901DAC7DC4001FE3B2 /* Release */,
			);
			defaultConfigurationIsVisible = 0;
			defaultConfigurationName = Release;
		};
		EC0FD9911DAC7DC4001FE3B2 /* Build configuration list for PBXNativeTarget "PrintDemo" */ = {
			isa = XCConfigurationList;
			buildConfigurations = (
				EC0FD9921DAC7DC4001FE3B2 /* Debug */,
				EC0FD9931DAC7DC4001FE3B2 /* Release */,
			);
			defaultConfigurationIsVisible = 0;
			defaultConfigurationName = Release;
		};
/* End XCConfigurationList section */
	};
	rootObject = EC0FD95C1DAC7DC4001FE3B2 /* Project object */;
}
